Microsoft Visual Studio Solution File, Format Version 11.00
# Visual Studio 2010
Project("{8BC9CEB8-8B4A-11D0-8D11-00A0C91BC942}") = "lapackpp", "lapackpp.vcxproj", "{EC0BDA50-7719-4BC3-8EAC-18F3499E2753}"
EndProject
Project("{8BC9CEB8-8B4A-11D0-8D11-00A0C91BC942}") = "tGenSolve", "testing\tGenSolve.vcxproj", "{AF43CFE3-56A8-4B6E-AA82-2D6508305B09}"
EndProject
Project("{8BC9CEB8-8B4A-11D0-8D11-00A0C91BC942}") = "tgd", "matrix\testing\tgd.vcxproj", "{AA8B0F6A-D5C7-4395-A9FF-4DC3BEAF0FFF}"
EndProject
Project("{8BC9CEB8-8B4A-11D0-8D11-00A0C91BC942}") = "ttdd", "matrix\testing\ttdd.vcxproj", "{DAB12ED5-6716-4EEA-9077-408ABD2F8415}"
EndProject
Project("{8BC9CEB8-8B4A-11D0-8D11-00A0C91BC942}") = "tgc", "matrix\testing\tgc.vcxproj", "{CA2A6AE0-47F0-4004-A31E-F4EEC820F887}"
EndProject
Project("{8BC9CEB8-8B4A-11D0-8D11-00A0C91BC942}") = "tvd", "matrix\testing\tvd.vcxproj", "{AF43CFE3-56A8-4B6E-AA82-2D6502605B09}"
EndProject
Global
	GlobalSection(SolutionConfigurationPlatforms) = preSolution
		Debug|Win32 = Debug|Win32
		Debug|x64 = Debug|x64
		Release|Win32 = Release|Win32
		Release|x64 = Release|x64
		testprogram|Win32 = testprogram|Win32
		testprogram|x64 = testprogram|x64
	EndGlobalSection
	GlobalSection(ProjectConfigurationPlatforms) = postSolution
		{EC0BDA50-7719-4BC3-8EAC-18F3499E2753}.Debug|Win32.ActiveCfg = Debug|Win32
		{EC0BDA50-7719-4BC3-8EAC-18F3499E2753}.Debug|Win32.Build.0 = Debug|Win32
		{EC0BDA50-7719-4BC3-8EAC-18F3499E2753}.Debug|x64.ActiveCfg = Debug|x64
		{EC0BDA50-7719-4BC3-8EAC-18F3499E2753}.Debug|x64.Build.0 = Debug|x64
		{EC0BDA50-7719-4BC3-8EAC-18F3499E2753}.Release|Win32.ActiveCfg = Release|Win32
		{EC0BDA50-7719-4BC3-8EAC-18F3499E2753}.Release|Win32.Build.0 = Release|Win32
		{EC0BDA50-7719-4BC3-8EAC-18F3499E2753}.Release|x64.ActiveCfg = Release|x64
		{EC0BDA50-7719-4BC3-8EAC-18F3499E2753}.Release|x64.Build.0 = Release|x64
		{EC0BDA50-7719-4BC3-8EAC-18F3499E2753}.testprogram|Win32.ActiveCfg = Debug|Win32
		{EC0BDA50-7719-4BC3-8EAC-18F3499E2753}.testprogram|Win32.Build.0 = Debug|Win32
		{EC0BDA50-7719-4BC3-8EAC-18F3499E2753}.testprogram|x64.ActiveCfg = Release|x64
		{EC0BDA50-7719-4BC3-8EAC-18F3499E2753}.testprogram|x64.Build.0 = Release|x64
		{AF43CFE3-56A8-4B6E-AA82-2D6508305B09}.Debug|Win32.ActiveCfg = Debug|Win32
		{AF43CFE3-56A8-4B6E-AA82-2D6508305B09}.Debug|x64.ActiveCfg = Debug|x64
		{AF43CFE3-56A8-4B6E-AA82-2D6508305B09}.Release|Win32.ActiveCfg = Release|Win32
		{AF43CFE3-56A8-4B6E-AA82-2D6508305B09}.Release|x64.ActiveCfg = Release|x64
		{AF43CFE3-56A8-4B6E-AA82-2D6508305B09}.testprogram|Win32.ActiveCfg = Debug|Win32
		{AF43CFE3-56A8-4B6E-AA82-2D6508305B09}.testprogram|Win32.Build.0 = Debug|Win32
		{AF43CFE3-56A8-4B6E-AA82-2D6508305B09}.testprogram|x64.ActiveCfg = Release|x64
		{AF43CFE3-56A8-4B6E-AA82-2D6508305B09}.testprogram|x64.Build.0 = Release|x64
		{AA8B0F6A-D5C7-4395-A9FF-4DC3BEAF0FFF}.Debug|Win32.ActiveCfg = Debug|Win32
		{AA8B0F6A-D5C7-4395-A9FF-4DC3BEAF0FFF}.Debug|x64.ActiveCfg = Debug|x64
		{AA8B0F6A-D5C7-4395-A9FF-4DC3BEAF0FFF}.Release|Win32.ActiveCfg = Release|Win32
		{AA8B0F6A-D5C7-4395-A9FF-4DC3BEAF0FFF}.Release|x64.ActiveCfg = Release|x64
		{AA8B0F6A-D5C7-4395-A9FF-4DC3BEAF0FFF}.testprogram|Win32.ActiveCfg = Release|Win32
		{AA8B0F6A-D5C7-4395-A9FF-4DC3BEAF0FFF}.testprogram|x64.ActiveCfg = Release|x64
		{AA8B0F6A-D5C7-4395-A9FF-4DC3BEAF0FFF}.testprogram|x64.Build.0 = Release|x64
		{DAB12ED5-6716-4EEA-9077-408ABD2F8415}.Debug|Win32.ActiveCfg = Debug|Win32
		{DAB12ED5-6716-4EEA-9077-408ABD2F8415}.Debug|x64.ActiveCfg = Debug|x64
		{DAB12ED5-6716-4EEA-9077-408ABD2F8415}.Release|Win32.ActiveCfg = Release|Win32
		{DAB12ED5-6716-4EEA-9077-408ABD2F8415}.Release|x64.ActiveCfg = Release|x64
		{DAB12ED5-6716-4EEA-9077-408ABD2F8415}.testprogram|Win32.ActiveCfg = Release|Win32
		{DAB12ED5-6716-4EEA-9077-408ABD2F8415}.testprogram|x64.ActiveCfg = Release|x64
		{DAB12ED5-6716-4EEA-9077-408ABD2F8415}.testprogram|x64.Build.0 = Release|x64
		{CA2A6AE0-47F0-4004-A31E-F4EEC820F887}.Debug|Win32.ActiveCfg = Debug|Win32
		{CA2A6AE0-47F0-4004-A31E-F4EEC820F887}.Debug|x64.ActiveCfg = Debug|x64
		{CA2A6AE0-47F0-4004-A31E-F4EEC820F887}.Release|Win32.ActiveCfg = Release|Win32
		{CA2A6AE0-47F0-4004-A31E-F4EEC820F887}.Release|x64.ActiveCfg = Release|x64
		{CA2A6AE0-47F0-4004-A31E-F4EEC820F887}.testprogram|Win32.ActiveCfg = Release|Win32
		{CA2A6AE0-47F0-4004-A31E-F4EEC820F887}.testprogram|x64.ActiveCfg = Release|x64
		{CA2A6AE0-47F0-4004-A31E-F4EEC820F887}.testprogram|x64.Build.0 = Release|x64
		{AF43CFE3-56A8-4B6E-AA82-2D6502605B09}.Debug|Win32.ActiveCfg = Debug|Win32
		{AF43CFE3-56A8-4B6E-AA82-2D6502605B09}.Debug|x64.ActiveCfg = Debug|x64
		{AF43CFE3-56A8-4B6E-AA82-2D6502605B09}.Release|Win32.ActiveCfg = Release|Win32
		{AF43CFE3-56A8-4B6E-AA82-2D6502605B09}.Release|x64.ActiveCfg = Release|x64
		{AF43CFE3-56A8-4B6E-AA82-2D6502605B09}.testprogram|Win32.ActiveCfg = Release|Win32
		{AF43CFE3-56A8-4B6E-AA82-2D6502605B09}.testprogram|Win32.Build.0 = Release|Win32
		{AF43CFE3-56A8-4B6E-AA82-2D6502605B09}.testprogram|x64.ActiveCfg = Release|x64
		{AF43CFE3-56A8-4B6E-AA82-2D6502605B09}.testprogram|x64.Build.0 = Release|x64
	EndGlobalSection
	GlobalSection(SolutionProperties) = preSolution
		HideSolutionNode = FALSE
	EndGlobalSection
EndGlobal
