<?xml version="1.0" encoding="utf-8"?>
<Project ToolsVersion="4.0" xmlns="http://schemas.microsoft.com/developer/msbuild/2003">
  <ItemGroup>
    <Filter Include="Source Files">
      <UniqueIdentifier>{7911bab5-7640-481e-b6f1-1da923fbf8c2}</UniqueIdentifier>
      <Extensions>cpp;c;cxx;def;odl;idl;hpj;bat;asm</Extensions>
    </Filter>
    <Filter Include="Header Files">
      <UniqueIdentifier>{6e0a9a27-eb81-43de-9409-9e8a239dfdab}</UniqueIdentifier>
      <Extensions>h;hpp;hxx;hm;inl;inc</Extensions>
    </Filter>
    <Filter Include="Resource Files">
      <UniqueIdentifier>{d4364752-1028-415d-ac1c-fb308064aa8b}</UniqueIdentifier>
      <Extensions>rc;ico;cur;bmp;dlg;rc2;rct;bin;rgs;gif;jpg;jpeg;jpe</Extensions>
    </Filter>
  </ItemGroup>
  <ItemGroup>
    <ClCompile Include="blaspp\src\blas1pp.cc">
      <Filter>Source Files</Filter>
    </ClCompile>
    <ClCompile Include="blaspp\src\blas2pp.cc">
      <Filter>Source Files</Filter>
    </ClCompile>
    <ClCompile Include="blaspp\src\blas3pp.cc">
      <Filter>Source Files</Filter>
    </ClCompile>
    <ClCompile Include="blaspp\src\blaspp.cc">
      <Filter>Source Files</Filter>
    </ClCompile>
    <ClCompile Include="matrix\src\bmd.cc">
      <Filter>Source Files</Filter>
    </ClCompile>
    <ClCompile Include="src\dopla.c">
      <Filter>Source Files</Filter>
    </ClCompile>
    <ClCompile Include="src\dtimmg.c">
      <Filter>Source Files</Filter>
    </ClCompile>
    <ClCompile Include="src\eigslv.cc">
      <Filter>Source Files</Filter>
    </ClCompile>
    <ClCompile Include="src\genmd.cc">
      <Filter>Source Files</Filter>
    </ClCompile>
    <ClCompile Include="matrix\src\gmc.cc">
      <Filter>Source Files</Filter>
    </ClCompile>
    <ClCompile Include="matrix\src\gmconv.cc">
      <Filter>Source Files</Filter>
    </ClCompile>
    <ClCompile Include="matrix\src\gmd.cc">
      <Filter>Source Files</Filter>
    </ClCompile>
    <ClCompile Include="matrix\src\gmf.cc">
      <Filter>Source Files</Filter>
    </ClCompile>
    <ClCompile Include="matrix\src\gmi.cc">
      <Filter>Source Files</Filter>
    </ClCompile>
    <ClCompile Include="matrix\src\gmli.cc">
      <Filter>Source Files</Filter>
    </ClCompile>
    <ClCompile Include="matrix\src\gmtmpl.cc">
      <Filter>Source Files</Filter>
    </ClCompile>
    <ClCompile Include="matrix\src\laexcp.cc">
      <Filter>Source Files</Filter>
    </ClCompile>
    <ClCompile Include="matrix\src\laindex.cc">
      <Filter>Source Files</Filter>
    </ClCompile>
    <ClCompile Include="src\laprefs.cc">
      <Filter>Source Files</Filter>
    </ClCompile>
    <ClCompile Include="src\lasvd.cc">
      <Filter>Source Files</Filter>
    </ClCompile>
    <ClCompile Include="src\lautil.cc">
      <Filter>Source Files</Filter>
    </ClCompile>
    <ClCompile Include="matrix\src\lavc.cc">
      <Filter>Source Files</Filter>
    </ClCompile>
    <ClCompile Include="matrix\src\lavd.cc">
      <Filter>Source Files</Filter>
    </ClCompile>
    <ClCompile Include="matrix\src\lavi.cc">
      <Filter>Source Files</Filter>
    </ClCompile>
    <ClCompile Include="matrix\src\lavli.cc">
      <Filter>Source Files</Filter>
    </ClCompile>
    <ClCompile Include="src\linslv.cc">
      <Filter>Source Files</Filter>
    </ClCompile>
    <ClCompile Include="matrix\src\ltgmd.cc">
      <Filter>Source Files</Filter>
    </ClCompile>
    <ClCompile Include="matrix\src\spdbmd.cc">
      <Filter>Source Files</Filter>
    </ClCompile>
    <ClCompile Include="matrix\src\spdmd.cc">
      <Filter>Source Files</Filter>
    </ClCompile>
    <ClCompile Include="matrix\src\spdtrmd.cc">
      <Filter>Source Files</Filter>
    </ClCompile>
    <ClCompile Include="matrix\src\sybmd.cc">
      <Filter>Source Files</Filter>
    </ClCompile>
    <ClCompile Include="matrix\src\symd.cc">
      <Filter>Source Files</Filter>
    </ClCompile>
    <ClCompile Include="matrix\src\sytrmd.cc">
      <Filter>Source Files</Filter>
    </ClCompile>
    <ClCompile Include="matrix\src\trmd.cc">
      <Filter>Source Files</Filter>
    </ClCompile>
    <ClCompile Include="matrix\src\ultgmd.cc">
      <Filter>Source Files</Filter>
    </ClCompile>
    <ClCompile Include="matrix\src\utgmd.cc">
      <Filter>Source Files</Filter>
    </ClCompile>
    <ClCompile Include="matrix\src\uutgmd.cc">
      <Filter>Source Files</Filter>
    </ClCompile>
    <ClCompile Include="matrix\src\vc.cc">
      <Filter>Source Files</Filter>
    </ClCompile>
    <ClCompile Include="matrix\src\vd.cc">
      <Filter>Source Files</Filter>
    </ClCompile>
    <ClCompile Include="matrix\src\vf.cc">
      <Filter>Source Files</Filter>
    </ClCompile>
    <ClCompile Include="matrix\src\vi.cc">
      <Filter>Source Files</Filter>
    </ClCompile>
    <ClCompile Include="matrix\src\vli.cc">
      <Filter>Source Files</Filter>
    </ClCompile>
  </ItemGroup>
  <ItemGroup>
    <ClInclude Include="include\arch.h">
      <Filter>Header Files</Filter>
    </ClInclude>
    <ClInclude Include="include\bfd.h">
      <Filter>Header Files</Filter>
    </ClInclude>
    <ClInclude Include="include\blas1.h">
      <Filter>Header Files</Filter>
    </ClInclude>
    <ClInclude Include="include\blas1pp.h">
      <Filter>Header Files</Filter>
    </ClInclude>
    <ClInclude Include="include\blas2.h">
      <Filter>Header Files</Filter>
    </ClInclude>
    <ClInclude Include="include\blas2pp.h">
      <Filter>Header Files</Filter>
    </ClInclude>
    <ClInclude Include="include\blas3.h">
      <Filter>Header Files</Filter>
    </ClInclude>
    <ClInclude Include="include\blas3pp.h">
      <Filter>Header Files</Filter>
    </ClInclude>
    <ClInclude Include="include\blaspp.h">
      <Filter>Header Files</Filter>
    </ClInclude>
    <ClInclude Include="include\bmd.h">
      <Filter>Header Files</Filter>
    </ClInclude>
    <ClInclude Include="include\f2c.h">
      <Filter>Header Files</Filter>
    </ClInclude>
    <ClInclude Include="include\fmd.h">
      <Filter>Header Files</Filter>
    </ClInclude>
    <ClInclude Include="include\genmd.h">
      <Filter>Header Files</Filter>
    </ClInclude>
    <ClInclude Include="include\gfd.h">
      <Filter>Header Files</Filter>
    </ClInclude>
    <ClInclude Include="include\gfqrc.h">
      <Filter>Header Files</Filter>
    </ClInclude>
    <ClInclude Include="include\gmc.h">
      <Filter>Header Files</Filter>
    </ClInclude>
    <ClInclude Include="include\gmd.h">
      <Filter>Header Files</Filter>
    </ClInclude>
    <ClInclude Include="include\gmf.h">
      <Filter>Header Files</Filter>
    </ClInclude>
    <ClInclude Include="include\gmi.h">
      <Filter>Header Files</Filter>
    </ClInclude>
    <ClInclude Include="include\gmli.h">
      <Filter>Header Files</Filter>
    </ClInclude>
    <ClInclude Include="include\lacomplex.h">
      <Filter>Header Files</Filter>
    </ClInclude>
    <ClInclude Include="include\lacvd.h">
      <Filter>Header Files</Filter>
    </ClInclude>
    <ClInclude Include="include\laexcp.h">
      <Filter>Header Files</Filter>
    </ClInclude>
    <ClInclude Include="include\lafnames.h">
      <Filter>Header Files</Filter>
    </ClInclude>
    <ClInclude Include="include\laindex.h">
      <Filter>Header Files</Filter>
    </ClInclude>
    <ClInclude Include="include\lapack.h">
      <Filter>Header Files</Filter>
    </ClInclude>
    <ClInclude Include="include\lapackc.h">
      <Filter>Header Files</Filter>
    </ClInclude>
    <ClInclude Include="include\lapackd.h">
      <Filter>Header Files</Filter>
    </ClInclude>
    <ClInclude Include="include\lapackpp.h">
      <Filter>Header Files</Filter>
    </ClInclude>
    <ClInclude Include="include\laprefs.h">
      <Filter>Header Files</Filter>
    </ClInclude>
    <ClInclude Include="include\larvd.h">
      <Filter>Header Files</Filter>
    </ClInclude>
    <ClInclude Include="include\laslv.h">
      <Filter>Header Files</Filter>
    </ClInclude>
    <ClInclude Include="include\lasvd.h">
      <Filter>Header Files</Filter>
    </ClInclude>
    <ClInclude Include="include\latmpl.h">
      <Filter>Header Files</Filter>
    </ClInclude>
    <ClInclude Include="include\lautil.h">
      <Filter>Header Files</Filter>
    </ClInclude>
    <ClInclude Include="include\lavc.h">
      <Filter>Header Files</Filter>
    </ClInclude>
    <ClInclude Include="include\lavd.h">
      <Filter>Header Files</Filter>
    </ClInclude>
    <ClInclude Include="include\lavi.h">
      <Filter>Header Files</Filter>
    </ClInclude>
    <ClInclude Include="include\lavli.h">
      <Filter>Header Files</Filter>
    </ClInclude>
    <ClInclude Include="include\ltgmd.h">
      <Filter>Header Files</Filter>
    </ClInclude>
    <ClInclude Include="matrix\src\mtmpl.h">
      <Filter>Header Files</Filter>
    </ClInclude>
    <ClInclude Include="include\spdbmd.h">
      <Filter>Header Files</Filter>
    </ClInclude>
    <ClInclude Include="include\spdfd.h">
      <Filter>Header Files</Filter>
    </ClInclude>
    <ClInclude Include="include\spdmd.h">
      <Filter>Header Files</Filter>
    </ClInclude>
    <ClInclude Include="include\spdtrmd.h">
      <Filter>Header Files</Filter>
    </ClInclude>
    <ClInclude Include="include\sybfd.h">
      <Filter>Header Files</Filter>
    </ClInclude>
    <ClInclude Include="include\sybmd.h">
      <Filter>Header Files</Filter>
    </ClInclude>
    <ClInclude Include="include\syfd.h">
      <Filter>Header Files</Filter>
    </ClInclude>
    <ClInclude Include="include\symd.h">
      <Filter>Header Files</Filter>
    </ClInclude>
    <ClInclude Include="include\sytrmd.h">
      <Filter>Header Files</Filter>
    </ClInclude>
    <ClInclude Include="include\trfd.h">
      <Filter>Header Files</Filter>
    </ClInclude>
    <ClInclude Include="include\trmd.h">
      <Filter>Header Files</Filter>
    </ClInclude>
    <ClInclude Include="include\ultgmd.h">
      <Filter>Header Files</Filter>
    </ClInclude>
    <ClInclude Include="include\utgmd.h">
      <Filter>Header Files</Filter>
    </ClInclude>
    <ClInclude Include="include\uutgmd.h">
      <Filter>Header Files</Filter>
    </ClInclude>
    <ClInclude Include="include\vc.h">
      <Filter>Header Files</Filter>
    </ClInclude>
    <ClInclude Include="include\vd.h">
      <Filter>Header Files</Filter>
    </ClInclude>
    <ClInclude Include="include\vf.h">
      <Filter>Header Files</Filter>
    </ClInclude>
    <ClInclude Include="include\vi.h">
      <Filter>Header Files</Filter>
    </ClInclude>
    <ClInclude Include="include\vli.h">
      <Filter>Header Files</Filter>
    </ClInclude>
    <ClInclude Include="matrix\src\vtmpl.h">
      <Filter>Header Files</Filter>
    </ClInclude>
  </ItemGroup>
  <ItemGroup>
    <ResourceCompile Include="src\ressource.rc">
      <Filter>Resource Files</Filter>
    </ResourceCompile>
  </ItemGroup>
</Project>