<?xml version="1.0" encoding="utf-8"?>
<Project ToolsVersion="4.0" xmlns="http://schemas.microsoft.com/developer/msbuild/2003">
  <ItemGroup>
    <Filter Include="Source Files">
      <UniqueIdentifier>{4FC737F1-C7A5-4376-A066-2A32D752A2FF}</UniqueIdentifier>
      <Extensions>cpp;c;cc;cxx;def;odl;idl;hpj;bat;asm;asmx</Extensions>
    </Filter>
    <Filter Include="Header Files">
      <UniqueIdentifier>{93995380-89BD-4b04-88EB-625FBE52EBFB}</UniqueIdentifier>
      <Extensions>h;hpp;hxx;hm;inl;inc;xsd</Extensions>
    </Filter>
    <Filter Include="Resource Files">
      <UniqueIdentifier>{67DA6AB6-F800-4c08-8B7A-83BB121AAD01}</UniqueIdentifier>
      <Extensions>rc;ico;cur;bmp;dlg;rc2;rct;bin;rgs;gif;jpg;jpeg;jpe;resx;tiff;tif;png;wav;mfcribbon-ms</Extensions>
    </Filter>
  </ItemGroup>
  <ItemGroup>
    <ClInclude Include="network_package.h">
      <Filter>Header Files</Filter>
    </ClInclude>
    <ClInclude Include="network_wrapper.h">
      <Filter>Header Files</Filter>
    </ClInclude>
    <ClInclude Include="..\pest++\pest++\Transformable.h">
      <Filter>Header Files</Filter>
    </ClInclude>
    <ClInclude Include="..\pest++\pest++\pest_error.h">
      <Filter>Header Files</Filter>
    </ClInclude>
    <ClInclude Include="..\pest++\pest++\utilities.h">
      <Filter>Header Files</Filter>
    </ClInclude>
    <ClInclude Include="..\pest++\pest++\RunManagerAbstract.h">
      <Filter>Header Files</Filter>
    </ClInclude>
    <ClInclude Include="..\pest++\pest++\RunManagerGenie.h">
      <Filter>Header Files</Filter>
    </ClInclude>
    <ClInclude Include="..\pest++\pest++\RunManagerSerial.h">
      <Filter>Header Files</Filter>
    </ClInclude>
    <ClInclude Include="..\pest++\pest++\RunManagerYAMR.h">
      <Filter>Header Files</Filter>
    </ClInclude>
    <ClInclude Include="..\pest++\pest++\RunStorage.h">
      <Filter>Header Files</Filter>
    </ClInclude>
    <ClInclude Include="..\pest++\pest++\Serialization.h">
      <Filter>Header Files</Filter>
    </ClInclude>
    <ClInclude Include="..\pest++\pest++\YamrSlave.h">
      <Filter>Header Files</Filter>
    </ClInclude>
    <ClInclude Include="..\pest++\pest++\system_variables.h">
      <Filter>Header Files</Filter>
    </ClInclude>
  </ItemGroup>
  <ItemGroup>
    <ClCompile Include="network_package.cpp">
      <Filter>Source Files</Filter>
    </ClCompile>
    <ClCompile Include="network_wrapper.cpp">
      <Filter>Source Files</Filter>
    </ClCompile>
    <ClCompile Include="..\pest++\pest++\Transformable.cpp">
      <Filter>Source Files</Filter>
    </ClCompile>
    <ClCompile Include="..\pest++\pest++\pest_error.cpp">
      <Filter>Source Files</Filter>
    </ClCompile>
    <ClCompile Include="..\pest++\pest++\utilities.cpp">
      <Filter>Source Files</Filter>
    </ClCompile>
    <ClCompile Include="..\pest++\pest++\RunManagerAbstract.cpp">
      <Filter>Source Files</Filter>
    </ClCompile>
    <ClCompile Include="..\pest++\pest++\RunManagerGenie.cpp">
      <Filter>Source Files</Filter>
    </ClCompile>
    <ClCompile Include="..\pest++\pest++\RunManagerSerial.cpp">
      <Filter>Source Files</Filter>
    </ClCompile>
    <ClCompile Include="..\pest++\pest++\RunManagerYAMR.cpp">
      <Filter>Source Files</Filter>
    </ClCompile>
    <ClCompile Include="..\pest++\pest++\RunStorage.cpp">
      <Filter>Source Files</Filter>
    </ClCompile>
    <ClCompile Include="..\pest++\pest++\YamrSlave.cpp">
      <Filter>Source Files</Filter>
    </ClCompile>
    <ClCompile Include="..\pest++\pest++\system_variables.cpp">
      <Filter>Source Files</Filter>
    </ClCompile>
  </ItemGroup>
</Project>