<?xml version="1.0" encoding="utf-8"?>
<Project ToolsVersion="4.0" xmlns="http://schemas.microsoft.com/developer/msbuild/2003">
  <ItemGroup>
    <Filter Include="Source Files">
      <UniqueIdentifier>{4FC737F1-C7A5-4376-A066-2A32D752A2FF}</UniqueIdentifier>
      <Extensions>cpp;c;cc;cxx;def;odl;idl;hpj;bat;asm;asmx</Extensions>
    </Filter>
    <Filter Include="Header Files">
      <UniqueIdentifier>{93995380-89BD-4b04-88EB-625FBE52EBFB}</UniqueIdentifier>
      <Extensions>h;hpp;hxx;hm;inl;inc;xsd</Extensions>
    </Filter>
    <Filter Include="Resource Files">
      <UniqueIdentifier>{67DA6AB6-F800-4c08-8B7A-83BB121AAD01}</UniqueIdentifier>
      <Extensions>rc;ico;cur;bmp;dlg;rc2;rct;bin;rgs;gif;jpg;jpeg;jpe;resx;tiff;tif;png;wav;mfcribbon-ms</Extensions>
    </Filter>
  </ItemGroup>
  <ItemGroup>
    <ClInclude Include="..\pest++\FileManager.h">
      <Filter>Header Files</Filter>
    </ClInclude>
    <ClInclude Include="..\pest++\Jacobian.h">
      <Filter>Header Files</Filter>
    </ClInclude>
    <ClInclude Include="..\pest++\lapack_tools.h">
      <Filter>Header Files</Filter>
    </ClInclude>
    <ClInclude Include="..\pest++\ModelRunPP.h">
      <Filter>Header Files</Filter>
    </ClInclude>
    <ClInclude Include="..\pest++\ObjectiveFunc.h">
      <Filter>Header Files</Filter>
    </ClInclude>
    <ClInclude Include="..\pest++\ParamTransformSeq.h">
      <Filter>Header Files</Filter>
    </ClInclude>
    <ClInclude Include="..\pest++\OutputFileWriter.h">
      <Filter>Header Files</Filter>
    </ClInclude>
    <ClInclude Include="..\pest++\Pest.h">
      <Filter>Header Files</Filter>
    </ClInclude>
    <ClInclude Include="..\pest++\pest_data_structs.h">
      <Filter>Header Files</Filter>
    </ClInclude>
    <ClInclude Include="..\pest++\PriorInformation.h">
      <Filter>Header Files</Filter>
    </ClInclude>
    <ClInclude Include="..\pest++\QSqrtMatrix.h">
      <Filter>Header Files</Filter>
    </ClInclude>
    <ClInclude Include="..\pest++\Regularization.h">
      <Filter>Header Files</Filter>
    </ClInclude>
    <ClInclude Include="..\pest++\resource.h">
      <Filter>Header Files</Filter>
    </ClInclude>
    <ClInclude Include="..\pest++\SVD_PROPACK.h">
      <Filter>Header Files</Filter>
    </ClInclude>
    <ClInclude Include="..\pest++\SVDASolver.h">
      <Filter>Header Files</Filter>
    </ClInclude>
    <ClInclude Include="..\pest++\SVDPackage.h">
      <Filter>Header Files</Filter>
    </ClInclude>
    <ClInclude Include="..\pest++\SVDSolver.h">
      <Filter>Header Files</Filter>
    </ClInclude>
    <ClInclude Include="..\pest++\targetver.h">
      <Filter>Header Files</Filter>
    </ClInclude>
    <ClInclude Include="..\pest++\TerminationController.h">
      <Filter>Header Files</Filter>
    </ClInclude>
    <ClInclude Include="..\pest++\Transformation.h">
      <Filter>Header Files</Filter>
    </ClInclude>
  </ItemGroup>
  <ItemGroup>
    <ClCompile Include="..\pest++\FileManager.cpp">
      <Filter>Source Files</Filter>
    </ClCompile>
    <ClCompile Include="..\pest++\Jacobian.cpp">
      <Filter>Source Files</Filter>
    </ClCompile>
    <ClCompile Include="..\pest++\lapack_tools.cpp">
      <Filter>Source Files</Filter>
    </ClCompile>
    <ClCompile Include="..\pest++\ModelRunPP.cpp">
      <Filter>Source Files</Filter>
    </ClCompile>
    <ClCompile Include="..\pest++\OutputFileWriter.cpp">
      <Filter>Source Files</Filter>
    </ClCompile>
    <ClCompile Include="..\pest++\ObjectiveFunc.cpp">
      <Filter>Source Files</Filter>
    </ClCompile>
    <ClCompile Include="..\pest++\ParamTransformSeq.cpp">
      <Filter>Source Files</Filter>
    </ClCompile>
    <ClCompile Include="..\pest++\Pest.cpp">
      <Filter>Source Files</Filter>
    </ClCompile>
    <ClCompile Include="..\pest++\PriorInformation.cpp">
      <Filter>Source Files</Filter>
    </ClCompile>
    <ClCompile Include="..\pest++\pest_data_structs.cpp">
      <Filter>Source Files</Filter>
    </ClCompile>
    <ClCompile Include="..\pest++\QSqrtMatrix.cpp">
      <Filter>Source Files</Filter>
    </ClCompile>
    <ClCompile Include="..\pest++\Regularization.cpp">
      <Filter>Source Files</Filter>
    </ClCompile>
    <ClCompile Include="..\pest++\Serializeation.cpp">
      <Filter>Source Files</Filter>
    </ClCompile>
    <ClCompile Include="..\pest++\SVD_PROPACK.cpp">
      <Filter>Source Files</Filter>
    </ClCompile>
    <ClCompile Include="..\pest++\SVDASolver.cpp">
      <Filter>Source Files</Filter>
    </ClCompile>
    <ClCompile Include="..\pest++\SVDPackage.cpp">
      <Filter>Source Files</Filter>
    </ClCompile>
    <ClCompile Include="..\pest++\SVDSolver.cpp">
      <Filter>Source Files</Filter>
    </ClCompile>
    <ClCompile Include="..\pest++\TerminationController.cpp">
      <Filter>Source Files</Filter>
    </ClCompile>
    <ClCompile Include="..\pest++\Transformation.cpp">
      <Filter>Source Files</Filter>
    </ClCompile>
  </ItemGroup>
</Project>