<?xml version="1.0" encoding="utf-8"?>
<Project ToolsVersion="4.0" xmlns="http://schemas.microsoft.com/developer/msbuild/2003">
  <ItemGroup>
    <Filter Include="Source Files">
      <UniqueIdentifier>{4FC737F1-C7A5-4376-A066-2A32D752A2FF}</UniqueIdentifier>
      <Extensions>cpp;c;cc;cxx;def;odl;idl;hpj;bat;asm;asmx</Extensions>
    </Filter>
    <Filter Include="Header Files">
      <UniqueIdentifier>{93995380-89BD-4b04-88EB-625FBE52EBFB}</UniqueIdentifier>
      <Extensions>h;hpp;hxx;hm;inl;inc;xsd</Extensions>
    </Filter>
    <Filter Include="Resource Files">
      <UniqueIdentifier>{67DA6AB6-F800-4c08-8B7A-83BB121AAD01}</UniqueIdentifier>
      <Extensions>rc;ico;cur;bmp;dlg;rc2;rct;bin;rgs;gif;jpg;jpeg;jpe;resx;tiff;tif;png;wav;mfcribbon-ms</Extensions>
    </Filter>
  </ItemGroup>
  <ItemGroup>
    <ClInclude Include="TerminationController.h">
      <Filter>Header Files</Filter>
    </ClInclude>
    <ClInclude Include="targetver.h">
      <Filter>Header Files</Filter>
    </ClInclude>
    <ClInclude Include="SVDSolver.h">
      <Filter>Header Files</Filter>
    </ClInclude>
    <ClInclude Include="SVDPackage.h">
      <Filter>Header Files</Filter>
    </ClInclude>
    <ClInclude Include="SVDASolver.h">
      <Filter>Header Files</Filter>
    </ClInclude>
    <ClInclude Include="SVD_PROPACK.h">
      <Filter>Header Files</Filter>
    </ClInclude>
    <ClInclude Include="Regularization.h">
      <Filter>Header Files</Filter>
    </ClInclude>
    <ClInclude Include="QSqrtMatrix.h">
      <Filter>Header Files</Filter>
    </ClInclude>
    <ClInclude Include="PriorInformation.h">
      <Filter>Header Files</Filter>
    </ClInclude>
    <ClInclude Include="pest_data_structs.h">
      <Filter>Header Files</Filter>
    </ClInclude>
    <ClInclude Include="Pest.h">
      <Filter>Header Files</Filter>
    </ClInclude>
    <ClInclude Include="ParamTransformSeq.h">
      <Filter>Header Files</Filter>
    </ClInclude>
    <ClInclude Include="OutputFileWriter.h">
      <Filter>Header Files</Filter>
    </ClInclude>
    <ClInclude Include="ObjectiveFunc.h">
      <Filter>Header Files</Filter>
    </ClInclude>
    <ClInclude Include="ModelRunPP.h">
      <Filter>Header Files</Filter>
    </ClInclude>
    <ClInclude Include="Jacobian.h">
      <Filter>Header Files</Filter>
    </ClInclude>
    <ClInclude Include="FileManager.h">
      <Filter>Header Files</Filter>
    </ClInclude>
    <ClInclude Include="Jacobian_1to1.h">
      <Filter>Header Files</Filter>
    </ClInclude>
    <ClInclude Include="eigen_tools.h">
      <Filter>Header Files</Filter>
    </ClInclude>
    <ClInclude Include="RestartController.h">
      <Filter>Header Files</Filter>
    </ClInclude>
    <ClInclude Include="PerformanceLog.h">
      <Filter>Header Files</Filter>
    </ClInclude>
    <ClInclude Include="Transformation.h">
      <Filter>Header Files</Filter>
    </ClInclude>
  </ItemGroup>
  <ItemGroup>
    <ClCompile Include="TerminationController.cpp">
      <Filter>Source Files</Filter>
    </ClCompile>
    <ClCompile Include="SVDSolver.cpp">
      <Filter>Source Files</Filter>
    </ClCompile>
    <ClCompile Include="SVDPackage.cpp">
      <Filter>Source Files</Filter>
    </ClCompile>
    <ClCompile Include="SVDASolver.cpp">
      <Filter>Source Files</Filter>
    </ClCompile>
    <ClCompile Include="SVD_PROPACK.cpp">
      <Filter>Source Files</Filter>
    </ClCompile>
    <ClCompile Include="Regularization.cpp">
      <Filter>Source Files</Filter>
    </ClCompile>
    <ClCompile Include="QSqrtMatrix.cpp">
      <Filter>Source Files</Filter>
    </ClCompile>
    <ClCompile Include="PriorInformation.cpp">
      <Filter>Source Files</Filter>
    </ClCompile>
    <ClCompile Include="pest_data_structs.cpp">
      <Filter>Source Files</Filter>
    </ClCompile>
    <ClCompile Include="Pest.cpp">
      <Filter>Source Files</Filter>
    </ClCompile>
    <ClCompile Include="ParamTransformSeq.cpp">
      <Filter>Source Files</Filter>
    </ClCompile>
    <ClCompile Include="OutputFileWriter.cpp">
      <Filter>Source Files</Filter>
    </ClCompile>
    <ClCompile Include="ObjectiveFunc.cpp">
      <Filter>Source Files</Filter>
    </ClCompile>
    <ClCompile Include="ModelRunPP.cpp">
      <Filter>Source Files</Filter>
    </ClCompile>
    <ClCompile Include="Jacobian.cpp">
      <Filter>Source Files</Filter>
    </ClCompile>
    <ClCompile Include="FileManager.cpp">
      <Filter>Source Files</Filter>
    </ClCompile>
    <ClCompile Include="Jacobian_1to1.cpp">
      <Filter>Source Files</Filter>
    </ClCompile>
    <ClCompile Include="eigen_tools.cpp">
      <Filter>Source Files</Filter>
    </ClCompile>
    <ClCompile Include="RestartController.cpp">
      <Filter>Source Files</Filter>
    </ClCompile>
    <ClCompile Include="Transformation.cpp">
      <Filter>Source Files</Filter>
    </ClCompile>
    <ClCompile Include="PerformanceLog.cpp">
      <Filter>Source Files</Filter>
    </ClCompile>
  </ItemGroup>
</Project>