
Microsoft Visual Studio Solution File, Format Version 11.00
# Visual Studio 2010
Project("{6989167D-11E4-40FE-8C1A-2192A86A7E90}") = "propack", "propack\propack.vfproj", "{C99FF120-0C40-4ACB-A3D8-A7E86E90EC0B}"
EndProject
Global
	GlobalSection(SolutionConfigurationPlatforms) = preSolution
		Debug|Win32 = Debug|Win32
		Release|Win32 = Release|Win32
	EndGlobalSection
	GlobalSection(ProjectConfigurationPlatforms) = postSolution
		{C99FF120-0C40-4ACB-A3D8-A7E86E90EC0B}.Debug|Win32.ActiveCfg = Debug|Win32
		{C99FF120-0C40-4ACB-A3D8-A7E86E90EC0B}.Debug|Win32.Build.0 = Debug|Win32
		{C99FF120-0C40-4ACB-A3D8-A7E86E90EC0B}.Release|Win32.ActiveCfg = Release|Win32
		{C99FF120-0C40-4ACB-A3D8-A7E86E90EC0B}.Release|Win32.Build.0 = Release|Win32
	EndGlobalSection
	GlobalSection(SolutionProperties) = preSolution
		HideSolutionNode = FALSE
	EndGlobalSection
EndGlobal
