
Microsoft Visual Studio Solution File, Format Version 11.00
# Visual Studio 2010
Project("{8BC9CEB8-8B4A-11D0-8D11-00A0C91BC942}") = "pest++", "pest++\pest++.vcxproj", "{38231990-B7FE-469D-9DCD-C588D81163E3}"
	ProjectSection(ProjectDependencies) = postProject
		{C99FF120-0C40-4ACB-A3D8-A7E86E90EC0B} = {C99FF120-0C40-4ACB-A3D8-A7E86E90EC0B}
		{EC0BDA50-7719-4BC3-8EAC-18F3499E2753} = {EC0BDA50-7719-4BC3-8EAC-18F3499E2753}
		{EB9A0791-5341-4772-84AA-F7089AE7C57D} = {EB9A0791-5341-4772-84AA-F7089AE7C57D}
	EndProjectSection
EndProject
Project("{6989167D-11E4-40FE-8C1A-2192A86A7E90}") = "propack", "..\propack\propack\propack.vfproj", "{C99FF120-0C40-4ACB-A3D8-A7E86E90EC0B}"
EndProject
Project("{6989167D-11E4-40FE-8C1A-2192A86A7E90}") = "pest_routines", "..\pest_routines\pest_routines\pest_routines.vfproj", "{EB9A0791-5341-4772-84AA-F7089AE7C57D}"
EndProject
Project("{8BC9CEB8-8B4A-11D0-8D11-00A0C91BC942}") = "lapackpp", "..\lapackpp-2.5.4\lapackpp.vcxproj", "{EC0BDA50-7719-4BC3-8EAC-18F3499E2753}"
EndProject
Global
	GlobalSection(SolutionConfigurationPlatforms) = preSolution
		Debug|Win32 = Debug|Win32
		Debug|x64 = Debug|x64
		Debugx64|Win32 = Debugx64|Win32
		Debugx64|x64 = Debugx64|x64
		Release|Win32 = Release|Win32
		Release|x64 = Release|x64
	EndGlobalSection
	GlobalSection(ProjectConfigurationPlatforms) = postSolution
		{38231990-B7FE-469D-9DCD-C588D81163E3}.Debug|Win32.ActiveCfg = Debug|Win32
		{38231990-B7FE-469D-9DCD-C588D81163E3}.Debug|Win32.Build.0 = Debug|Win32
		{38231990-B7FE-469D-9DCD-C588D81163E3}.Debug|x64.ActiveCfg = Debug|x64
		{38231990-B7FE-469D-9DCD-C588D81163E3}.Debug|x64.Build.0 = Debug|x64
		{38231990-B7FE-469D-9DCD-C588D81163E3}.Debugx64|Win32.ActiveCfg = Debugx64|Win32
		{38231990-B7FE-469D-9DCD-C588D81163E3}.Debugx64|Win32.Build.0 = Debugx64|Win32
		{38231990-B7FE-469D-9DCD-C588D81163E3}.Debugx64|x64.ActiveCfg = Debug|x64
		{38231990-B7FE-469D-9DCD-C588D81163E3}.Debugx64|x64.Build.0 = Debug|x64
		{38231990-B7FE-469D-9DCD-C588D81163E3}.Release|Win32.ActiveCfg = Release|Win32
		{38231990-B7FE-469D-9DCD-C588D81163E3}.Release|Win32.Build.0 = Release|Win32
		{38231990-B7FE-469D-9DCD-C588D81163E3}.Release|x64.ActiveCfg = Release|Win32
		{C99FF120-0C40-4ACB-A3D8-A7E86E90EC0B}.Debug|Win32.ActiveCfg = Debug|Win32
		{C99FF120-0C40-4ACB-A3D8-A7E86E90EC0B}.Debug|Win32.Build.0 = Debug|Win32
		{C99FF120-0C40-4ACB-A3D8-A7E86E90EC0B}.Debug|x64.ActiveCfg = Debug|x64
		{C99FF120-0C40-4ACB-A3D8-A7E86E90EC0B}.Debug|x64.Build.0 = Debug|x64
		{C99FF120-0C40-4ACB-A3D8-A7E86E90EC0B}.Debugx64|Win32.ActiveCfg = Debugx64|Win32
		{C99FF120-0C40-4ACB-A3D8-A7E86E90EC0B}.Debugx64|Win32.Build.0 = Debugx64|Win32
		{C99FF120-0C40-4ACB-A3D8-A7E86E90EC0B}.Debugx64|x64.ActiveCfg = Debug|x64
		{C99FF120-0C40-4ACB-A3D8-A7E86E90EC0B}.Debugx64|x64.Build.0 = Debug|x64
		{C99FF120-0C40-4ACB-A3D8-A7E86E90EC0B}.Release|Win32.ActiveCfg = Release|Win32
		{C99FF120-0C40-4ACB-A3D8-A7E86E90EC0B}.Release|Win32.Build.0 = Release|Win32
		{C99FF120-0C40-4ACB-A3D8-A7E86E90EC0B}.Release|x64.ActiveCfg = Release|Win32
		{EB9A0791-5341-4772-84AA-F7089AE7C57D}.Debug|Win32.ActiveCfg = Debug|Win32
		{EB9A0791-5341-4772-84AA-F7089AE7C57D}.Debug|Win32.Build.0 = Debug|Win32
		{EB9A0791-5341-4772-84AA-F7089AE7C57D}.Debug|x64.ActiveCfg = Debug|x64
		{EB9A0791-5341-4772-84AA-F7089AE7C57D}.Debug|x64.Build.0 = Debug|x64
		{EB9A0791-5341-4772-84AA-F7089AE7C57D}.Debugx64|Win32.ActiveCfg = Debugx64|Win32
		{EB9A0791-5341-4772-84AA-F7089AE7C57D}.Debugx64|Win32.Build.0 = Debugx64|Win32
		{EB9A0791-5341-4772-84AA-F7089AE7C57D}.Debugx64|x64.ActiveCfg = Debug|x64
		{EB9A0791-5341-4772-84AA-F7089AE7C57D}.Debugx64|x64.Build.0 = Debug|x64
		{EB9A0791-5341-4772-84AA-F7089AE7C57D}.Release|Win32.ActiveCfg = Release|Win32
		{EB9A0791-5341-4772-84AA-F7089AE7C57D}.Release|Win32.Build.0 = Release|Win32
		{EB9A0791-5341-4772-84AA-F7089AE7C57D}.Release|x64.ActiveCfg = Release|x64
		{EB9A0791-5341-4772-84AA-F7089AE7C57D}.Release|x64.Build.0 = Release|x64
		{EC0BDA50-7719-4BC3-8EAC-18F3499E2753}.Debug|Win32.ActiveCfg = Debug|Win32
		{EC0BDA50-7719-4BC3-8EAC-18F3499E2753}.Debug|Win32.Build.0 = Debug|Win32
		{EC0BDA50-7719-4BC3-8EAC-18F3499E2753}.Debug|x64.ActiveCfg = Debug|x64
		{EC0BDA50-7719-4BC3-8EAC-18F3499E2753}.Debug|x64.Build.0 = Debug|x64
		{EC0BDA50-7719-4BC3-8EAC-18F3499E2753}.Debugx64|Win32.ActiveCfg = Debugx64|Win32
		{EC0BDA50-7719-4BC3-8EAC-18F3499E2753}.Debugx64|Win32.Build.0 = Debugx64|Win32
		{EC0BDA50-7719-4BC3-8EAC-18F3499E2753}.Debugx64|x64.ActiveCfg = Debug|x64
		{EC0BDA50-7719-4BC3-8EAC-18F3499E2753}.Debugx64|x64.Build.0 = Debug|x64
		{EC0BDA50-7719-4BC3-8EAC-18F3499E2753}.Release|Win32.ActiveCfg = Release|Win32
		{EC0BDA50-7719-4BC3-8EAC-18F3499E2753}.Release|Win32.Build.0 = Release|Win32
		{EC0BDA50-7719-4BC3-8EAC-18F3499E2753}.Release|x64.ActiveCfg = Release|x64
		{EC0BDA50-7719-4BC3-8EAC-18F3499E2753}.Release|x64.Build.0 = Release|x64
	EndGlobalSection
	GlobalSection(SolutionProperties) = preSolution
		HideSolutionNode = FALSE
	EndGlobalSection
EndGlobal
